
Microsoft Visual Studio Solution File, Format Version 12.00
# Visual Studio Version 16
VisualStudioVersion = 16.0.30204.135
MinimumVisualStudioVersion = 10.0.40219.1
Project("{FAE04EC0-301F-11D3-BF4B-00C04F79EFBC}") = "systemOfCultivation", "systemOfCultivation\systemOfCultivation.csproj", "{ECE68742-3CF2-496A-BE80-9A9E07A39005}"
EndProject
Global
	GlobalSection(SolutionConfigurationPlatforms) = preSolution
		Debug|Any CPU = Debug|Any CPU
		Release|Any CPU = Release|Any CPU
	EndGlobalSection
	GlobalSection(ProjectConfigurationPlatforms) = postSolution
		{ECE68742-3CF2-496A-BE80-9A9E07A39005}.Debug|Any CPU.ActiveCfg = Debug|Any CPU
		{ECE68742-3CF2-496A-BE80-9A9E07A39005}.Debug|Any CPU.Build.0 = Debug|Any CPU
		{ECE68742-3CF2-496A-BE80-9A9E07A39005}.Release|Any CPU.ActiveCfg = Release|Any CPU
		{ECE68742-3CF2-496A-BE80-9A9E07A39005}.Release|Any CPU.Build.0 = Release|Any CPU
	EndGlobalSection
	GlobalSection(SolutionProperties) = preSolution
		HideSolutionNode = FALSE
	EndGlobalSection
	GlobalSection(ExtensibilityGlobals) = postSolution
		SolutionGuid = {0376A04E-B430-4DB0-BC70-235FE1CB25CE}
	EndGlobalSection
EndGlobal
